
Microsoft Visual Studio Solution File, Format Version 12.00
# Visual Studio 15
VisualStudioVersion = 15.0.26124.0
MinimumVisualStudioVersion = 15.0.26124.0
Project("{FAE04EC0-301F-11D3-BF4B-00C04F79EFBC}") = "Text", "Text\Text.csproj", "{8C2D76F3-E262-4FEA-83F5-84C010BB7413}"
EndProject
Project("{FAE04EC0-301F-11D3-BF4B-00C04F79EFBC}") = "Text.Tests", "Text.Tests\Text.Tests.csproj", "{D00C6E8E-4299-42EE-9EF7-8D95ABED47D7}"
EndProject
Global
	GlobalSection(SolutionConfigurationPlatforms) = preSolution
		Debug|Any CPU = Debug|Any CPU
		Debug|x64 = Debug|x64
		Debug|x86 = Debug|x86
		Release|Any CPU = Release|Any CPU
		Release|x64 = Release|x64
		Release|x86 = Release|x86
	EndGlobalSection
	GlobalSection(SolutionProperties) = preSolution
		HideSolutionNode = FALSE
	EndGlobalSection
	GlobalSection(ProjectConfigurationPlatforms) = postSolution
		{8C2D76F3-E262-4FEA-83F5-84C010BB7413}.Debug|Any CPU.ActiveCfg = Debug|Any CPU
		{8C2D76F3-E262-4FEA-83F5-84C010BB7413}.Debug|Any CPU.Build.0 = Debug|Any CPU
		{8C2D76F3-E262-4FEA-83F5-84C010BB7413}.Debug|x64.ActiveCfg = Debug|Any CPU
		{8C2D76F3-E262-4FEA-83F5-84C010BB7413}.Debug|x64.Build.0 = Debug|Any CPU
		{8C2D76F3-E262-4FEA-83F5-84C010BB7413}.Debug|x86.ActiveCfg = Debug|Any CPU
		{8C2D76F3-E262-4FEA-83F5-84C010BB7413}.Debug|x86.Build.0 = Debug|Any CPU
		{8C2D76F3-E262-4FEA-83F5-84C010BB7413}.Release|Any CPU.ActiveCfg = Release|Any CPU
		{8C2D76F3-E262-4FEA-83F5-84C010BB7413}.Release|Any CPU.Build.0 = Release|Any CPU
		{8C2D76F3-E262-4FEA-83F5-84C010BB7413}.Release|x64.ActiveCfg = Release|Any CPU
		{8C2D76F3-E262-4FEA-83F5-84C010BB7413}.Release|x64.Build.0 = Release|Any CPU
		{8C2D76F3-E262-4FEA-83F5-84C010BB7413}.Release|x86.ActiveCfg = Release|Any CPU
		{8C2D76F3-E262-4FEA-83F5-84C010BB7413}.Release|x86.Build.0 = Release|Any CPU
		{D00C6E8E-4299-42EE-9EF7-8D95ABED47D7}.Debug|Any CPU.ActiveCfg = Debug|Any CPU
		{D00C6E8E-4299-42EE-9EF7-8D95ABED47D7}.Debug|Any CPU.Build.0 = Debug|Any CPU
		{D00C6E8E-4299-42EE-9EF7-8D95ABED47D7}.Debug|x64.ActiveCfg = Debug|Any CPU
		{D00C6E8E-4299-42EE-9EF7-8D95ABED47D7}.Debug|x64.Build.0 = Debug|Any CPU
		{D00C6E8E-4299-42EE-9EF7-8D95ABED47D7}.Debug|x86.ActiveCfg = Debug|Any CPU
		{D00C6E8E-4299-42EE-9EF7-8D95ABED47D7}.Debug|x86.Build.0 = Debug|Any CPU
		{D00C6E8E-4299-42EE-9EF7-8D95ABED47D7}.Release|Any CPU.ActiveCfg = Release|Any CPU
		{D00C6E8E-4299-42EE-9EF7-8D95ABED47D7}.Release|Any CPU.Build.0 = Release|Any CPU
		{D00C6E8E-4299-42EE-9EF7-8D95ABED47D7}.Release|x64.ActiveCfg = Release|Any CPU
		{D00C6E8E-4299-42EE-9EF7-8D95ABED47D7}.Release|x64.Build.0 = Release|Any CPU
		{D00C6E8E-4299-42EE-9EF7-8D95ABED47D7}.Release|x86.ActiveCfg = Release|Any CPU
		{D00C6E8E-4299-42EE-9EF7-8D95ABED47D7}.Release|x86.Build.0 = Release|Any CPU
	EndGlobalSection
EndGlobal
