
Microsoft Visual Studio Solution File, Format Version 12.00
# Visual Studio 15
VisualStudioVersion = 15.0.26124.0
MinimumVisualStudioVersion = 15.0.26124.0
Project("{FAE04EC0-301F-11D3-BF4B-00C04F79EFBC}") = "MyMath", "MyMath\MyMath.csproj", "{739EAEDE-1509-474D-8F52-881D59DFAC86}"
EndProject
Project("{FAE04EC0-301F-11D3-BF4B-00C04F79EFBC}") = "MyMath.Tests", "MyMath.Tests\MyMath.Tests.csproj", "{0FBBBFC0-5EA4-40FA-9972-0234A7A841E2}"
EndProject
Global
	GlobalSection(SolutionConfigurationPlatforms) = preSolution
		Debug|Any CPU = Debug|Any CPU
		Debug|x64 = Debug|x64
		Debug|x86 = Debug|x86
		Release|Any CPU = Release|Any CPU
		Release|x64 = Release|x64
		Release|x86 = Release|x86
	EndGlobalSection
	GlobalSection(SolutionProperties) = preSolution
		HideSolutionNode = FALSE
	EndGlobalSection
	GlobalSection(ProjectConfigurationPlatforms) = postSolution
		{739EAEDE-1509-474D-8F52-881D59DFAC86}.Debug|Any CPU.ActiveCfg = Debug|Any CPU
		{739EAEDE-1509-474D-8F52-881D59DFAC86}.Debug|Any CPU.Build.0 = Debug|Any CPU
		{739EAEDE-1509-474D-8F52-881D59DFAC86}.Debug|x64.ActiveCfg = Debug|Any CPU
		{739EAEDE-1509-474D-8F52-881D59DFAC86}.Debug|x64.Build.0 = Debug|Any CPU
		{739EAEDE-1509-474D-8F52-881D59DFAC86}.Debug|x86.ActiveCfg = Debug|Any CPU
		{739EAEDE-1509-474D-8F52-881D59DFAC86}.Debug|x86.Build.0 = Debug|Any CPU
		{739EAEDE-1509-474D-8F52-881D59DFAC86}.Release|Any CPU.ActiveCfg = Release|Any CPU
		{739EAEDE-1509-474D-8F52-881D59DFAC86}.Release|Any CPU.Build.0 = Release|Any CPU
		{739EAEDE-1509-474D-8F52-881D59DFAC86}.Release|x64.ActiveCfg = Release|Any CPU
		{739EAEDE-1509-474D-8F52-881D59DFAC86}.Release|x64.Build.0 = Release|Any CPU
		{739EAEDE-1509-474D-8F52-881D59DFAC86}.Release|x86.ActiveCfg = Release|Any CPU
		{739EAEDE-1509-474D-8F52-881D59DFAC86}.Release|x86.Build.0 = Release|Any CPU
		{0FBBBFC0-5EA4-40FA-9972-0234A7A841E2}.Debug|Any CPU.ActiveCfg = Debug|Any CPU
		{0FBBBFC0-5EA4-40FA-9972-0234A7A841E2}.Debug|Any CPU.Build.0 = Debug|Any CPU
		{0FBBBFC0-5EA4-40FA-9972-0234A7A841E2}.Debug|x64.ActiveCfg = Debug|Any CPU
		{0FBBBFC0-5EA4-40FA-9972-0234A7A841E2}.Debug|x64.Build.0 = Debug|Any CPU
		{0FBBBFC0-5EA4-40FA-9972-0234A7A841E2}.Debug|x86.ActiveCfg = Debug|Any CPU
		{0FBBBFC0-5EA4-40FA-9972-0234A7A841E2}.Debug|x86.Build.0 = Debug|Any CPU
		{0FBBBFC0-5EA4-40FA-9972-0234A7A841E2}.Release|Any CPU.ActiveCfg = Release|Any CPU
		{0FBBBFC0-5EA4-40FA-9972-0234A7A841E2}.Release|Any CPU.Build.0 = Release|Any CPU
		{0FBBBFC0-5EA4-40FA-9972-0234A7A841E2}.Release|x64.ActiveCfg = Release|Any CPU
		{0FBBBFC0-5EA4-40FA-9972-0234A7A841E2}.Release|x64.Build.0 = Release|Any CPU
		{0FBBBFC0-5EA4-40FA-9972-0234A7A841E2}.Release|x86.ActiveCfg = Release|Any CPU
		{0FBBBFC0-5EA4-40FA-9972-0234A7A841E2}.Release|x86.Build.0 = Release|Any CPU
	EndGlobalSection
EndGlobal
